
Microsoft Visual Studio Solution File, Format Version 12.00
# Visual Studio Version 16
VisualStudioVersion = 25.0.1706.5
MinimumVisualStudioVersion = 10.0.40219.1
Project("{FAE04EC0-301F-11D3-BF4B-00C04F79EFBC}") = "Tests", "Tests\Tests.csproj", "{2300636C-F226-48A1-9135-813506569366}"
EndProject
Project("{FAE04EC0-301F-11D3-BF4B-00C04F79EFBC}") = "Punk.iOS", "Punk.iOS\Punk.iOS.csproj", "{BD55162C-E4EE-4855-BE73-EFFF179D36BD}"
EndProject
Global
	GlobalSection(SolutionConfigurationPlatforms) = preSolution
		Debug|iPhoneSimulator = Debug|iPhoneSimulator
		Release|iPhoneSimulator = Release|iPhoneSimulator
		Debug|iPhone = Debug|iPhone
		Release|iPhone = Release|iPhone
	EndGlobalSection
	GlobalSection(ProjectConfigurationPlatforms) = postSolution
		{2300636C-F226-48A1-9135-813506569366}.Debug|iPhoneSimulator.ActiveCfg = Debug|iPhoneSimulator
		{2300636C-F226-48A1-9135-813506569366}.Debug|iPhoneSimulator.Build.0 = Debug|iPhoneSimulator
		{2300636C-F226-48A1-9135-813506569366}.Release|iPhoneSimulator.ActiveCfg = Release|iPhoneSimulator
		{2300636C-F226-48A1-9135-813506569366}.Release|iPhoneSimulator.Build.0 = Release|iPhoneSimulator
		{2300636C-F226-48A1-9135-813506569366}.Debug|iPhone.ActiveCfg = Debug|iPhone
		{2300636C-F226-48A1-9135-813506569366}.Debug|iPhone.Build.0 = Debug|iPhone
		{2300636C-F226-48A1-9135-813506569366}.Release|iPhone.ActiveCfg = Release|iPhone
		{2300636C-F226-48A1-9135-813506569366}.Release|iPhone.Build.0 = Release|iPhone
		{BD55162C-E4EE-4855-BE73-EFFF179D36BD}.Debug|iPhoneSimulator.ActiveCfg = Debug|iPhoneSimulator
		{BD55162C-E4EE-4855-BE73-EFFF179D36BD}.Debug|iPhoneSimulator.Build.0 = Debug|iPhoneSimulator
		{BD55162C-E4EE-4855-BE73-EFFF179D36BD}.Release|iPhoneSimulator.ActiveCfg = Release|iPhoneSimulator
		{BD55162C-E4EE-4855-BE73-EFFF179D36BD}.Release|iPhoneSimulator.Build.0 = Release|iPhoneSimulator
		{BD55162C-E4EE-4855-BE73-EFFF179D36BD}.Debug|iPhone.ActiveCfg = Debug|iPhone
		{BD55162C-E4EE-4855-BE73-EFFF179D36BD}.Debug|iPhone.Build.0 = Debug|iPhone
		{BD55162C-E4EE-4855-BE73-EFFF179D36BD}.Release|iPhone.ActiveCfg = Release|iPhone
		{BD55162C-E4EE-4855-BE73-EFFF179D36BD}.Release|iPhone.Build.0 = Release|iPhone
	EndGlobalSection
	GlobalSection(SolutionProperties) = preSolution
		HideSolutionNode = FALSE
	EndGlobalSection
	GlobalSection(ExtensibilityGlobals) = postSolution
		SolutionGuid = {0A9CDC88-4C28-446B-8A9B-C9BE349A413A}
	EndGlobalSection
EndGlobal
